{
    "name": "df-bq-metadata",
    "lockfileVersion": 2,
    "requires": true,
    "packages": {
        "": {
            "name": "df-bq-metadata",
            "dependencies": {
                "@dataform/core": "3.0.26"
            }
        },
        "node_modules/@dataform/core": {
            "version": "3.0.26",
            "resolved": "https://registry.npmjs.org/@dataform/core/-/core-3.0.26.tgz",
            "integrity": "sha512-tisQRsAK6WHG0ow+w/tHHBeoCbZVctbXG77LFaFIarFq280Vp4NJMiPeCGaeMROV0ecz0tZaQYoBllkZdUJt5w=="
        }
    },
    "dependencies": {
        "@dataform/core": {
            "version": "3.0.26",
            "resolved": "https://registry.npmjs.org/@dataform/core/-/core-3.0.26.tgz",
            "integrity": "sha512-tisQRsAK6WHG0ow+w/tHHBeoCbZVctbXG77LFaFIarFq280Vp4NJMiPeCGaeMROV0ecz0tZaQYoBllkZdUJt5w=="
        }
    }
}